// !$*UTF8*$!
{
	archiveVersion = 1;
	classes = {
	};
	objectVersion = 46;
	objects = {

/* Begin PBXBuildFile section */
		4C09FB6D16E0FDB7007DE102 /* NetsoulCore.m in Sources */ = {isa = PBXBuildFile; fileRef = 4C09FB6C16E0FDB7007DE102 /* NetsoulCore.m */; };
		4C1155BE16B3377800AB563A /* NSString+MD5.m in Sources */ = {isa = PBXBuildFile; fileRef = 4C1155BD16B3377800AB563A /* NSString+MD5.m */; };
		4C139FC916D0482600952EA1 /* SettingsViewController.m in Sources */ = {isa = PBXBuildFile; fileRef = 4C139FC816D0482600952EA1 /* SettingsViewController.m */; };
		4C2212F416C650E600F63BF4 /* statut.png in Resources */ = {isa = PBXBuildFile; fileRef = 4C2212EE16C650E600F63BF4 /* statut.png */; };
		4C2212F516C650E600F63BF4 /* contacts.png in Resources */ = {isa = PBXBuildFile; fileRef = 4C2212EF16C650E600F63BF4 /* contacts.png */; };
		4C2212F616C650E600F63BF4 /* tabplus.png in Resources */ = {isa = PBXBuildFile; fileRef = 4C2212F016C650E600F63BF4 /* tabplus.png */; };
		4C2212F716C650E600F63BF4 /* exit.png in Resources */ = {isa = PBXBuildFile; fileRef = 4C2212F116C650E600F63BF4 /* exit.png */; };
		4C2212F816C650E600F63BF4 /* plus.png in Resources */ = {isa = PBXBuildFile; fileRef = 4C2212F216C650E600F63BF4 /* plus.png */; };
		4C2212F916C650E600F63BF4 /* star.png in Resources */ = {isa = PBXBuildFile; fileRef = 4C2212F316C650E600F63BF4 /* star.png */; };
		4C2212FC16C6512400F63BF4 /* search.png in Resources */ = {isa = PBXBuildFile; fileRef = 4C2212FA16C6512400F63BF4 /* search.png */; };
		4C2212FD16C6512400F63BF4 /* dbadd.png in Resources */ = {isa = PBXBuildFile; fileRef = 4C2212FB16C6512400F63BF4 /* dbadd.png */; };
		4C22130116C6514A00F63BF4 /* msggrey.png in Resources */ = {isa = PBXBuildFile; fileRef = 4C2212FE16C6514A00F63BF4 /* msggrey.png */; };
		4C22130216C6514A00F63BF4 /* msg.png in Resources */ = {isa = PBXBuildFile; fileRef = 4C2212FF16C6514A00F63BF4 /* msg.png */; };
		4C22130316C6514A00F63BF4 /* who.png in Resources */ = {isa = PBXBuildFile; fileRef = 4C22130016C6514A00F63BF4 /* who.png */; };
		4C22130716C651C800F63BF4 /* CollectionIcon.m in Sources */ = {isa = PBXBuildFile; fileRef = 4C22130616C651C800F63BF4 /* CollectionIcon.m */; };
		4C22130A16C65CD900F63BF4 /* UserCollectionViewController.m in Sources */ = {isa = PBXBuildFile; fileRef = 4C22130916C65CD900F63BF4 /* UserCollectionViewController.m */; };
		4C22E47D16B592840099D524 /* NSPacket.m in Sources */ = {isa = PBXBuildFile; fileRef = 4C22E47C16B592840099D524 /* NSPacket.m */; };
		4C22E48116B593410099D524 /* User.m in Sources */ = {isa = PBXBuildFile; fileRef = 4C22E48016B593410099D524 /* User.m */; };
		4C2C5D5E16D3DBFD0070A02A /* ConversationViewController.m in Sources */ = {isa = PBXBuildFile; fileRef = 4C2C5D5D16D3DBFD0070A02A /* ConversationViewController.m */; };
		4C3FBB8F16DD529D007AE9EF /* ContactsViewController.m in Sources */ = {isa = PBXBuildFile; fileRef = 4C3FBB8E16DD529D007AE9EF /* ContactsViewController.m */; };
		4C671C9E16C4716B0014CFC4 /* LoginViewController.m in Sources */ = {isa = PBXBuildFile; fileRef = 4C671C9D16C4716B0014CFC4 /* LoginViewController.m */; };
		4C8DAF5916B2F188003C7E19 /* NetsoulProtocol.m in Sources */ = {isa = PBXBuildFile; fileRef = 4C8DAF5816B2F188003C7E19 /* NetsoulProtocol.m */; };
		4C916C9816AD62CA00CA1295 /* UIKit.framework in Frameworks */ = {isa = PBXBuildFile; fileRef = 4C916C9716AD62CA00CA1295 /* UIKit.framework */; };
		4C916C9A16AD62CA00CA1295 /* Foundation.framework in Frameworks */ = {isa = PBXBuildFile; fileRef = 4C916C9916AD62CA00CA1295 /* Foundation.framework */; };
		4C916C9C16AD62CA00CA1295 /* CoreGraphics.framework in Frameworks */ = {isa = PBXBuildFile; fileRef = 4C916C9B16AD62CA00CA1295 /* CoreGraphics.framework */; };
		4C916CA216AD62CA00CA1295 /* InfoPlist.strings in Resources */ = {isa = PBXBuildFile; fileRef = 4C916CA016AD62CA00CA1295 /* InfoPlist.strings */; };
		4C916CA416AD62CA00CA1295 /* main.m in Sources */ = {isa = PBXBuildFile; fileRef = 4C916CA316AD62CA00CA1295 /* main.m */; };
		4C916CA816AD62CA00CA1295 /* RootAppDelegate.m in Sources */ = {isa = PBXBuildFile; fileRef = 4C916CA716AD62CA00CA1295 /* RootAppDelegate.m */; };
		4C916CAA16AD62CA00CA1295 /* Default.png in Resources */ = {isa = PBXBuildFile; fileRef = 4C916CA916AD62CA00CA1295 /* Default.png */; };
		4C916CAC16AD62CA00CA1295 /* Default@2x.png in Resources */ = {isa = PBXBuildFile; fileRef = 4C916CAB16AD62CA00CA1295 /* Default@2x.png */; };
		4C916CAE16AD62CA00CA1295 /* Default-568h@2x.png in Resources */ = {isa = PBXBuildFile; fileRef = 4C916CAD16AD62CA00CA1295 /* Default-568h@2x.png */; };
		4C916CB116AD62CA00CA1295 /* MainStoryboard.storyboard in Resources */ = {isa = PBXBuildFile; fileRef = 4C916CAF16AD62CA00CA1295 /* MainStoryboard.storyboard */; };
		4C916CBC16AD62CA00CA1295 /* SenTestingKit.framework in Frameworks */ = {isa = PBXBuildFile; fileRef = 4C916CBB16AD62CA00CA1295 /* SenTestingKit.framework */; };
		4C916CBD16AD62CA00CA1295 /* UIKit.framework in Frameworks */ = {isa = PBXBuildFile; fileRef = 4C916C9716AD62CA00CA1295 /* UIKit.framework */; };
		4C916CBE16AD62CA00CA1295 /* Foundation.framework in Frameworks */ = {isa = PBXBuildFile; fileRef = 4C916C9916AD62CA00CA1295 /* Foundation.framework */; };
		4C916CC616AD62CA00CA1295 /* InfoPlist.strings in Resources */ = {isa = PBXBuildFile; fileRef = 4C916CC416AD62CA00CA1295 /* InfoPlist.strings */; };
		4C916CC916AD62CA00CA1295 /* NardinSoulTests.m in Sources */ = {isa = PBXBuildFile; fileRef = 4C916CC816AD62CA00CA1295 /* NardinSoulTests.m */; };
		4C916CDE16AD942900CA1295 /* GCDAsyncSocket.m in Sources */ = {isa = PBXBuildFile; fileRef = 4C916CDD16AD942900CA1295 /* GCDAsyncSocket.m */; };
		4C916CE116AD96D400CA1295 /* CFNetwork.framework in Frameworks */ = {isa = PBXBuildFile; fileRef = 4C916CE016AD96D400CA1295 /* CFNetwork.framework */; };
		4CA5C69C16DE731D00B2ECFB /* UserPrezCell.m in Sources */ = {isa = PBXBuildFile; fileRef = 4CA5C69B16DE731D00B2ECFB /* UserPrezCell.m */; };
		4CA5C6A216DEBA0D00B2ECFB /* NSContact.m in Sources */ = {isa = PBXBuildFile; fileRef = 4CA5C6A116DEBA0D00B2ECFB /* NSContact.m */; };
		4CAC97FA16C53E7200BE141B /* MainViewController.m in Sources */ = {isa = PBXBuildFile; fileRef = 4CAC97F916C53E7200BE141B /* MainViewController.m */; };
		4CAC97FD16C544CA00BE141B /* CollectionViewCell.m in Sources */ = {isa = PBXBuildFile; fileRef = 4CAC97FC16C544CA00BE141B /* CollectionViewCell.m */; };
		4CB352E716D4DC7F00F666BD /* MessageToken.m in Sources */ = {isa = PBXBuildFile; fileRef = 4CB352E616D4DC7F00F666BD /* MessageToken.m */; };
		4CB352EC16D4F5D500F666BD /* NardinPool.m in Sources */ = {isa = PBXBuildFile; fileRef = 4CB352EB16D4F5D500F666BD /* NardinPool.m */; };
		4CB3F76316D3C9340043EF79 /* libSSToolkit.a in Frameworks */ = {isa = PBXBuildFile; fileRef = 4CB3F75C16D3C8FF0043EF79 /* libSSToolkit.a */; };
		4CB3F76516D3C94A0043EF79 /* QuartzCore.framework in Frameworks */ = {isa = PBXBuildFile; fileRef = 4CB3F76416D3C94A0043EF79 /* QuartzCore.framework */; };
		4CB3F77C16D3D0B90043EF79 /* SSMessagesViewController.m in Sources */ = {isa = PBXBuildFile; fileRef = 4CB3F76C16D3D0B90043EF79 /* SSMessagesViewController.m */; };
		4CB3F77D16D3D0B90043EF79 /* SSMessageTableViewCell.m in Sources */ = {isa = PBXBuildFile; fileRef = 4CB3F76E16D3D0B90043EF79 /* SSMessageTableViewCell.m */; };
		4CB3F77E16D3D0B90043EF79 /* SSMessageTableViewCellBubbleView.m in Sources */ = {isa = PBXBuildFile; fileRef = 4CB3F77016D3D0B90043EF79 /* SSMessageTableViewCellBubbleView.m */; };
		4CB3F77F16D3D0B90043EF79 /* SSMessagesViewControllerInputBackground.png in Resources */ = {isa = PBXBuildFile; fileRef = 4CB3F77216D3D0B90043EF79 /* SSMessagesViewControllerInputBackground.png */; };
		4CB3F78016D3D0B90043EF79 /* SSMessagesViewControllerInputBackground@2x.png in Resources */ = {isa = PBXBuildFile; fileRef = 4CB3F77316D3D0B90043EF79 /* SSMessagesViewControllerInputBackground@2x.png */; };
		4CB3F78116D3D0B90043EF79 /* SSMessagesViewControllerSendButtonBackground.png in Resources */ = {isa = PBXBuildFile; fileRef = 4CB3F77416D3D0B90043EF79 /* SSMessagesViewControllerSendButtonBackground.png */; };
		4CB3F78216D3D0B90043EF79 /* SSMessagesViewControllerSendButtonBackground@2x.png in Resources */ = {isa = PBXBuildFile; fileRef = 4CB3F77516D3D0B90043EF79 /* SSMessagesViewControllerSendButtonBackground@2x.png */; };
		4CB3F78316D3D0B90043EF79 /* SSMessagesViewControllerTextFieldBackground.png in Resources */ = {isa = PBXBuildFile; fileRef = 4CB3F77616D3D0B90043EF79 /* SSMessagesViewControllerTextFieldBackground.png */; };
		4CB3F78416D3D0B90043EF79 /* SSMessagesViewControllerTextFieldBackground@2x.png in Resources */ = {isa = PBXBuildFile; fileRef = 4CB3F77716D3D0B90043EF79 /* SSMessagesViewControllerTextFieldBackground@2x.png */; };
		4CB3F78516D3D0B90043EF79 /* SSMessageTableViewCellBackgroundClear.png in Resources */ = {isa = PBXBuildFile; fileRef = 4CB3F77816D3D0B90043EF79 /* SSMessageTableViewCellBackgroundClear.png */; };
		4CB3F78616D3D0B90043EF79 /* SSMessageTableViewCellBackgroundClear@2x.png in Resources */ = {isa = PBXBuildFile; fileRef = 4CB3F77916D3D0B90043EF79 /* SSMessageTableViewCellBackgroundClear@2x.png */; };
		4CB3F78716D3D0B90043EF79 /* SSMessageTableViewCellBackgroundGreen.png in Resources */ = {isa = PBXBuildFile; fileRef = 4CB3F77A16D3D0B90043EF79 /* SSMessageTableViewCellBackgroundGreen.png */; };
		4CB3F78816D3D0B90043EF79 /* SSMessageTableViewCellBackgroundGreen@2x.png in Resources */ = {isa = PBXBuildFile; fileRef = 4CB3F77B16D3D0B90043EF79 /* SSMessageTableViewCellBackgroundGreen@2x.png */; };
/* End PBXBuildFile section */

/* Begin PBXContainerItemProxy section */
		4C916CBF16AD62CA00CA1295 /* PBXContainerItemProxy */ = {
			isa = PBXContainerItemProxy;
			containerPortal = 4C916C8A16AD62CA00CA1295 /* Project object */;
			proxyType = 1;
			remoteGlobalIDString = 4C916C9216AD62CA00CA1295;
			remoteInfo = NardinSoul;
		};
		4CB3F75B16D3C8FF0043EF79 /* PBXContainerItemProxy */ = {
			isa = PBXContainerItemProxy;
			containerPortal = 4CB3F6ED16D3C8FE0043EF79 /* SSToolkit.xcodeproj */;
			proxyType = 2;
			remoteGlobalIDString = D2AAC07E0554694100DB518D;
			remoteInfo = SSToolkit;
		};
		4CB3F75D16D3C8FF0043EF79 /* PBXContainerItemProxy */ = {
			isa = PBXContainerItemProxy;
			containerPortal = 4CB3F6ED16D3C8FE0043EF79 /* SSToolkit.xcodeproj */;
			proxyType = 2;
			remoteGlobalIDString = B239101D1357DC3E00ADE21B;
			remoteInfo = SSToolkitTests;
		};
		4CB3F75F16D3C90F0043EF79 /* PBXContainerItemProxy */ = {
			isa = PBXContainerItemProxy;
			containerPortal = 4CB3F6ED16D3C8FE0043EF79 /* SSToolkit.xcodeproj */;
			proxyType = 1;
			remoteGlobalIDString = D2AAC07D0554694100DB518D;
			remoteInfo = SSToolkit;
		};
/* End PBXContainerItemProxy section */

/* Begin PBXFileReference section */
		4C09FB6B16E0FDB6007DE102 /* NetsoulCore.h */ = {isa = PBXFileReference; fileEncoding = 4; lastKnownFileType = sourcecode.c.h; path = NetsoulCore.h; sourceTree = "<group>"; };
		4C09FB6C16E0FDB7007DE102 /* NetsoulCore.m */ = {isa = PBXFileReference; fileEncoding = 4; lastKnownFileType = sourcecode.c.objc; path = NetsoulCore.m; sourceTree = "<group>"; };
		4C1155BC16B3377800AB563A /* NSString+MD5.h */ = {isa = PBXFileReference; fileEncoding = 4; lastKnownFileType = sourcecode.c.h; path = "NSString+MD5.h"; sourceTree = "<group>"; };
		4C1155BD16B3377800AB563A /* NSString+MD5.m */ = {isa = PBXFileReference; fileEncoding = 4; lastKnownFileType = sourcecode.c.objc; path = "NSString+MD5.m"; sourceTree = "<group>"; };
		4C139FC716D0482600952EA1 /* SettingsViewController.h */ = {isa = PBXFileReference; fileEncoding = 4; lastKnownFileType = sourcecode.c.h; path = SettingsViewController.h; sourceTree = "<group>"; };
		4C139FC816D0482600952EA1 /* SettingsViewController.m */ = {isa = PBXFileReference; fileEncoding = 4; lastKnownFileType = sourcecode.c.objc; path = SettingsViewController.m; sourceTree = "<group>"; };
		4C2212EE16C650E600F63BF4 /* statut.png */ = {isa = PBXFileReference; lastKnownFileType = image.png; path = statut.png; sourceTree = "<group>"; };
		4C2212EF16C650E600F63BF4 /* contacts.png */ = {isa = PBXFileReference; lastKnownFileType = image.png; path = contacts.png; sourceTree = "<group>"; };
		4C2212F016C650E600F63BF4 /* tabplus.png */ = {isa = PBXFileReference; lastKnownFileType = image.png; path = tabplus.png; sourceTree = "<group>"; };
		4C2212F116C650E600F63BF4 /* exit.png */ = {isa = PBXFileReference; lastKnownFileType = image.png; path = exit.png; sourceTree = "<group>"; };
		4C2212F216C650E600F63BF4 /* plus.png */ = {isa = PBXFileReference; lastKnownFileType = image.png; path = plus.png; sourceTree = "<group>"; };
		4C2212F316C650E600F63BF4 /* star.png */ = {isa = PBXFileReference; lastKnownFileType = image.png; path = star.png; sourceTree = "<group>"; };
		4C2212FA16C6512400F63BF4 /* search.png */ = {isa = PBXFileReference; lastKnownFileType = image.png; path = search.png; sourceTree = "<group>"; };
		4C2212FB16C6512400F63BF4 /* dbadd.png */ = {isa = PBXFileReference; lastKnownFileType = image.png; path = dbadd.png; sourceTree = "<group>"; };
		4C2212FE16C6514A00F63BF4 /* msggrey.png */ = {isa = PBXFileReference; lastKnownFileType = image.png; path = msggrey.png; sourceTree = "<group>"; };
		4C2212FF16C6514A00F63BF4 /* msg.png */ = {isa = PBXFileReference; lastKnownFileType = image.png; path = msg.png; sourceTree = "<group>"; };
		4C22130016C6514A00F63BF4 /* who.png */ = {isa = PBXFileReference; lastKnownFileType = image.png; path = who.png; sourceTree = "<group>"; };
		4C22130516C651C800F63BF4 /* CollectionIcon.h */ = {isa = PBXFileReference; fileEncoding = 4; lastKnownFileType = sourcecode.c.h; path = CollectionIcon.h; sourceTree = "<group>"; };
		4C22130616C651C800F63BF4 /* CollectionIcon.m */ = {isa = PBXFileReference; fileEncoding = 4; lastKnownFileType = sourcecode.c.objc; path = CollectionIcon.m; sourceTree = "<group>"; };
		4C22130816C65CD900F63BF4 /* UserCollectionViewController.h */ = {isa = PBXFileReference; fileEncoding = 4; lastKnownFileType = sourcecode.c.h; path = UserCollectionViewController.h; sourceTree = "<group>"; };
		4C22130916C65CD900F63BF4 /* UserCollectionViewController.m */ = {isa = PBXFileReference; fileEncoding = 4; lastKnownFileType = sourcecode.c.objc; path = UserCollectionViewController.m; sourceTree = "<group>"; };
		4C22E47B16B592840099D524 /* NSPacket.h */ = {isa = PBXFileReference; fileEncoding = 4; lastKnownFileType = sourcecode.c.h; path = NSPacket.h; sourceTree = "<group>"; };
		4C22E47C16B592840099D524 /* NSPacket.m */ = {isa = PBXFileReference; fileEncoding = 4; lastKnownFileType = sourcecode.c.objc; path = NSPacket.m; sourceTree = "<group>"; };
		4C22E47F16B593410099D524 /* User.h */ = {isa = PBXFileReference; fileEncoding = 4; lastKnownFileType = sourcecode.c.h; path = User.h; sourceTree = "<group>"; };
		4C22E48016B593410099D524 /* User.m */ = {isa = PBXFileReference; fileEncoding = 4; lastKnownFileType = sourcecode.c.objc; path = User.m; sourceTree = "<group>"; };
		4C22E48216B5E6FB0099D524 /* NetsoulViewProtocol.h */ = {isa = PBXFileReference; lastKnownFileType = sourcecode.c.h; path = NetsoulViewProtocol.h; sourceTree = "<group>"; };
		4C2C5D5C16D3DBFD0070A02A /* ConversationViewController.h */ = {isa = PBXFileReference; fileEncoding = 4; lastKnownFileType = sourcecode.c.h; path = ConversationViewController.h; sourceTree = "<group>"; };
		4C2C5D5D16D3DBFD0070A02A /* ConversationViewController.m */ = {isa = PBXFileReference; fileEncoding = 4; lastKnownFileType = sourcecode.c.objc; path = ConversationViewController.m; sourceTree = "<group>"; };
		4C3FBB8D16DD529D007AE9EF /* ContactsViewController.h */ = {isa = PBXFileReference; fileEncoding = 4; lastKnownFileType = sourcecode.c.h; path = ContactsViewController.h; sourceTree = "<group>"; };
		4C3FBB8E16DD529D007AE9EF /* ContactsViewController.m */ = {isa = PBXFileReference; fileEncoding = 4; lastKnownFileType = sourcecode.c.objc; path = ContactsViewController.m; sourceTree = "<group>"; };
		4C671C9C16C4716B0014CFC4 /* LoginViewController.h */ = {isa = PBXFileReference; fileEncoding = 4; lastKnownFileType = sourcecode.c.h; path = LoginViewController.h; sourceTree = "<group>"; };
		4C671C9D16C4716B0014CFC4 /* LoginViewController.m */ = {isa = PBXFileReference; fileEncoding = 4; lastKnownFileType = sourcecode.c.objc; path = LoginViewController.m; sourceTree = "<group>"; };
		4C8DAF5716B2F188003C7E19 /* NetsoulProtocol.h */ = {isa = PBXFileReference; fileEncoding = 4; lastKnownFileType = sourcecode.c.h; path = NetsoulProtocol.h; sourceTree = "<group>"; };
		4C8DAF5816B2F188003C7E19 /* NetsoulProtocol.m */ = {isa = PBXFileReference; fileEncoding = 4; lastKnownFileType = sourcecode.c.objc; path = NetsoulProtocol.m; sourceTree = "<group>"; };
		4C916C9316AD62CA00CA1295 /* NardinSoul.app */ = {isa = PBXFileReference; explicitFileType = wrapper.application; includeInIndex = 0; path = NardinSoul.app; sourceTree = BUILT_PRODUCTS_DIR; };
		4C916C9716AD62CA00CA1295 /* UIKit.framework */ = {isa = PBXFileReference; lastKnownFileType = wrapper.framework; name = UIKit.framework; path = System/Library/Frameworks/UIKit.framework; sourceTree = SDKROOT; };
		4C916C9916AD62CA00CA1295 /* Foundation.framework */ = {isa = PBXFileReference; lastKnownFileType = wrapper.framework; name = Foundation.framework; path = System/Library/Frameworks/Foundation.framework; sourceTree = SDKROOT; };
		4C916C9B16AD62CA00CA1295 /* CoreGraphics.framework */ = {isa = PBXFileReference; lastKnownFileType = wrapper.framework; name = CoreGraphics.framework; path = System/Library/Frameworks/CoreGraphics.framework; sourceTree = SDKROOT; };
		4C916C9F16AD62CA00CA1295 /* NardinSoul-Info.plist */ = {isa = PBXFileReference; lastKnownFileType = text.plist.xml; path = "NardinSoul-Info.plist"; sourceTree = "<group>"; };
		4C916CA116AD62CA00CA1295 /* en */ = {isa = PBXFileReference; lastKnownFileType = text.plist.strings; name = en; path = en.lproj/InfoPlist.strings; sourceTree = "<group>"; };
		4C916CA316AD62CA00CA1295 /* main.m */ = {isa = PBXFileReference; lastKnownFileType = sourcecode.c.objc; path = main.m; sourceTree = "<group>"; };
		4C916CA516AD62CA00CA1295 /* NardinSoul-Prefix.pch */ = {isa = PBXFileReference; lastKnownFileType = sourcecode.c.h; path = "NardinSoul-Prefix.pch"; sourceTree = "<group>"; };
		4C916CA616AD62CA00CA1295 /* RootAppDelegate.h */ = {isa = PBXFileReference; lastKnownFileType = sourcecode.c.h; path = RootAppDelegate.h; sourceTree = "<group>"; };
		4C916CA716AD62CA00CA1295 /* RootAppDelegate.m */ = {isa = PBXFileReference; lastKnownFileType = sourcecode.c.objc; path = RootAppDelegate.m; sourceTree = "<group>"; };
		4C916CA916AD62CA00CA1295 /* Default.png */ = {isa = PBXFileReference; lastKnownFileType = image.png; path = Default.png; sourceTree = "<group>"; };
		4C916CAB16AD62CA00CA1295 /* Default@2x.png */ = {isa = PBXFileReference; lastKnownFileType = image.png; path = "Default@2x.png"; sourceTree = "<group>"; };
		4C916CAD16AD62CA00CA1295 /* Default-568h@2x.png */ = {isa = PBXFileReference; lastKnownFileType = image.png; path = "Default-568h@2x.png"; sourceTree = "<group>"; };
		4C916CB016AD62CA00CA1295 /* en */ = {isa = PBXFileReference; lastKnownFileType = file.storyboard; name = en; path = en.lproj/MainStoryboard.storyboard; sourceTree = "<group>"; };
		4C916CBA16AD62CA00CA1295 /* NardinSoulTests.octest */ = {isa = PBXFileReference; explicitFileType = wrapper.cfbundle; includeInIndex = 0; path = NardinSoulTests.octest; sourceTree = BUILT_PRODUCTS_DIR; };
		4C916CBB16AD62CA00CA1295 /* SenTestingKit.framework */ = {isa = PBXFileReference; lastKnownFileType = wrapper.framework; name = SenTestingKit.framework; path = Library/Frameworks/SenTestingKit.framework; sourceTree = DEVELOPER_DIR; };
		4C916CC316AD62CA00CA1295 /* NardinSoulTests-Info.plist */ = {isa = PBXFileReference; lastKnownFileType = text.plist.xml; path = "NardinSoulTests-Info.plist"; sourceTree = "<group>"; };
		4C916CC516AD62CA00CA1295 /* en */ = {isa = PBXFileReference; lastKnownFileType = text.plist.strings; name = en; path = en.lproj/InfoPlist.strings; sourceTree = "<group>"; };
		4C916CC716AD62CA00CA1295 /* NardinSoulTests.h */ = {isa = PBXFileReference; lastKnownFileType = sourcecode.c.h; path = NardinSoulTests.h; sourceTree = "<group>"; };
		4C916CC816AD62CA00CA1295 /* NardinSoulTests.m */ = {isa = PBXFileReference; lastKnownFileType = sourcecode.c.objc; path = NardinSoulTests.m; sourceTree = "<group>"; };
		4C916CDC16AD942900CA1295 /* GCDAsyncSocket.h */ = {isa = PBXFileReference; fileEncoding = 4; lastKnownFileType = sourcecode.c.h; name = GCDAsyncSocket.h; path = NardinSoul/GCDAsyncSocket.h; sourceTree = "<group>"; };
		4C916CDD16AD942900CA1295 /* GCDAsyncSocket.m */ = {isa = PBXFileReference; fileEncoding = 4; lastKnownFileType = sourcecode.c.objc; name = GCDAsyncSocket.m; path = NardinSoul/GCDAsyncSocket.m; sourceTree = "<group>"; };
		4C916CE016AD96D400CA1295 /* CFNetwork.framework */ = {isa = PBXFileReference; lastKnownFileType = wrapper.framework; name = CFNetwork.framework; path = System/Library/Frameworks/CFNetwork.framework; sourceTree = SDKROOT; };
		4CA5C69A16DE731D00B2ECFB /* UserPrezCell.h */ = {isa = PBXFileReference; fileEncoding = 4; lastKnownFileType = sourcecode.c.h; path = UserPrezCell.h; sourceTree = "<group>"; };
		4CA5C69B16DE731D00B2ECFB /* UserPrezCell.m */ = {isa = PBXFileReference; fileEncoding = 4; lastKnownFileType = sourcecode.c.objc; path = UserPrezCell.m; sourceTree = "<group>"; };
		4CA5C6A016DEBA0C00B2ECFB /* NSContact.h */ = {isa = PBXFileReference; fileEncoding = 4; lastKnownFileType = sourcecode.c.h; path = NSContact.h; sourceTree = "<group>"; };
		4CA5C6A116DEBA0D00B2ECFB /* NSContact.m */ = {isa = PBXFileReference; fileEncoding = 4; lastKnownFileType = sourcecode.c.objc; path = NSContact.m; sourceTree = "<group>"; };
		4CAC97F816C53E7200BE141B /* MainViewController.h */ = {isa = PBXFileReference; fileEncoding = 4; lastKnownFileType = sourcecode.c.h; path = MainViewController.h; sourceTree = "<group>"; };
		4CAC97F916C53E7200BE141B /* MainViewController.m */ = {isa = PBXFileReference; fileEncoding = 4; lastKnownFileType = sourcecode.c.objc; path = MainViewController.m; sourceTree = "<group>"; };
		4CAC97FB16C544CA00BE141B /* CollectionViewCell.h */ = {isa = PBXFileReference; fileEncoding = 4; lastKnownFileType = sourcecode.c.h; path = CollectionViewCell.h; sourceTree = "<group>"; };
		4CAC97FC16C544CA00BE141B /* CollectionViewCell.m */ = {isa = PBXFileReference; fileEncoding = 4; lastKnownFileType = sourcecode.c.objc; path = CollectionViewCell.m; sourceTree = "<group>"; };
		4CB352E516D4DC7F00F666BD /* MessageToken.h */ = {isa = PBXFileReference; fileEncoding = 4; lastKnownFileType = sourcecode.c.h; path = MessageToken.h; sourceTree = "<group>"; };
		4CB352E616D4DC7F00F666BD /* MessageToken.m */ = {isa = PBXFileReference; fileEncoding = 4; lastKnownFileType = sourcecode.c.objc; path = MessageToken.m; sourceTree = "<group>"; };
		4CB352EA16D4F5D500F666BD /* NardinPool.h */ = {isa = PBXFileReference; fileEncoding = 4; lastKnownFileType = sourcecode.c.h; path = NardinPool.h; sourceTree = "<group>"; };
		4CB352EB16D4F5D500F666BD /* NardinPool.m */ = {isa = PBXFileReference; fileEncoding = 4; lastKnownFileType = sourcecode.c.objc; path = NardinPool.m; sourceTree = "<group>"; };
		4CB3F6ED16D3C8FE0043EF79 /* SSToolkit.xcodeproj */ = {isa = PBXFileReference; lastKnownFileType = "wrapper.pb-project"; path = SSToolkit.xcodeproj; sourceTree = "<group>"; };
		4CB3F76416D3C94A0043EF79 /* QuartzCore.framework */ = {isa = PBXFileReference; lastKnownFileType = wrapper.framework; name = QuartzCore.framework; path = System/Library/Frameworks/QuartzCore.framework; sourceTree = SDKROOT; };
		4CB3F76616D3C9B20043EF79 /* SSToolkit.bundle */ = {isa = PBXFileReference; lastKnownFileType = "wrapper.plug-in"; name = SSToolkit.bundle; path = SSToolkit/Resources/SSToolkit.bundle; sourceTree = "<group>"; };
		4CB3F76B16D3D0B90043EF79 /* SSMessagesViewController.h */ = {isa = PBXFileReference; fileEncoding = 4; lastKnownFileType = sourcecode.c.h; path = SSMessagesViewController.h; sourceTree = "<group>"; };
		4CB3F76C16D3D0B90043EF79 /* SSMessagesViewController.m */ = {isa = PBXFileReference; fileEncoding = 4; lastKnownFileType = sourcecode.c.objc; path = SSMessagesViewController.m; sourceTree = "<group>"; };
		4CB3F76D16D3D0B90043EF79 /* SSMessageTableViewCell.h */ = {isa = PBXFileReference; fileEncoding = 4; lastKnownFileType = sourcecode.c.h; path = SSMessageTableViewCell.h; sourceTree = "<group>"; };
		4CB3F76E16D3D0B90043EF79 /* SSMessageTableViewCell.m */ = {isa = PBXFileReference; fileEncoding = 4; lastKnownFileType = sourcecode.c.objc; path = SSMessageTableViewCell.m; sourceTree = "<group>"; };
		4CB3F76F16D3D0B90043EF79 /* SSMessageTableViewCellBubbleView.h */ = {isa = PBXFileReference; fileEncoding = 4; lastKnownFileType = sourcecode.c.h; path = SSMessageTableViewCellBubbleView.h; sourceTree = "<group>"; };
		4CB3F77016D3D0B90043EF79 /* SSMessageTableViewCellBubbleView.m */ = {isa = PBXFileReference; fileEncoding = 4; lastKnownFileType = sourcecode.c.objc; path = SSMessageTableViewCellBubbleView.m; sourceTree = "<group>"; };
		4CB3F77216D3D0B90043EF79 /* SSMessagesViewControllerInputBackground.png */ = {isa = PBXFileReference; lastKnownFileType = image.png; path = SSMessagesViewControllerInputBackground.png; sourceTree = "<group>"; };
		4CB3F77316D3D0B90043EF79 /* SSMessagesViewControllerInputBackground@2x.png */ = {isa = PBXFileReference; lastKnownFileType = image.png; path = "SSMessagesViewControllerInputBackground@2x.png"; sourceTree = "<group>"; };
		4CB3F77416D3D0B90043EF79 /* SSMessagesViewControllerSendButtonBackground.png */ = {isa = PBXFileReference; lastKnownFileType = image.png; path = SSMessagesViewControllerSendButtonBackground.png; sourceTree = "<group>"; };
		4CB3F77516D3D0B90043EF79 /* SSMessagesViewControllerSendButtonBackground@2x.png */ = {isa = PBXFileReference; lastKnownFileType = image.png; path = "SSMessagesViewControllerSendButtonBackground@2x.png"; sourceTree = "<group>"; };
		4CB3F77616D3D0B90043EF79 /* SSMessagesViewControllerTextFieldBackground.png */ = {isa = PBXFileReference; lastKnownFileType = image.png; path = SSMessagesViewControllerTextFieldBackground.png; sourceTree = "<group>"; };
		4CB3F77716D3D0B90043EF79 /* SSMessagesViewControllerTextFieldBackground@2x.png */ = {isa = PBXFileReference; lastKnownFileType = image.png; path = "SSMessagesViewControllerTextFieldBackground@2x.png"; sourceTree = "<group>"; };
		4CB3F77816D3D0B90043EF79 /* SSMessageTableViewCellBackgroundClear.png */ = {isa = PBXFileReference; lastKnownFileType = image.png; path = SSMessageTableViewCellBackgroundClear.png; sourceTree = "<group>"; };
		4CB3F77916D3D0B90043EF79 /* SSMessageTableViewCellBackgroundClear@2x.png */ = {isa = PBXFileReference; lastKnownFileType = image.png; path = "SSMessageTableViewCellBackgroundClear@2x.png"; sourceTree = "<group>"; };
		4CB3F77A16D3D0B90043EF79 /* SSMessageTableViewCellBackgroundGreen.png */ = {isa = PBXFileReference; lastKnownFileType = image.png; path = SSMessageTableViewCellBackgroundGreen.png; sourceTree = "<group>"; };
		4CB3F77B16D3D0B90043EF79 /* SSMessageTableViewCellBackgroundGreen@2x.png */ = {isa = PBXFileReference; lastKnownFileType = image.png; path = "SSMessageTableViewCellBackgroundGreen@2x.png"; sourceTree = "<group>"; };
/* End PBXFileReference section */

/* Begin PBXFrameworksBuildPhase section */
		4C916C9016AD62CA00CA1295 /* Frameworks */ = {
			isa = PBXFrameworksBuildPhase;
			buildActionMask = 2147483647;
			files = (
				4CB3F76516D3C94A0043EF79 /* QuartzCore.framework in Frameworks */,
				4CB3F76316D3C9340043EF79 /* libSSToolkit.a in Frameworks */,
				4C916CE116AD96D400CA1295 /* CFNetwork.framework in Frameworks */,
				4C916C9816AD62CA00CA1295 /* UIKit.framework in Frameworks */,
				4C916C9A16AD62CA00CA1295 /* Foundation.framework in Frameworks */,
				4C916C9C16AD62CA00CA1295 /* CoreGraphics.framework in Frameworks */,
			);
			runOnlyForDeploymentPostprocessing = 0;
		};
		4C916CB616AD62CA00CA1295 /* Frameworks */ = {
			isa = PBXFrameworksBuildPhase;
			buildActionMask = 2147483647;
			files = (
				4C916CBC16AD62CA00CA1295 /* SenTestingKit.framework in Frameworks */,
				4C916CBD16AD62CA00CA1295 /* UIKit.framework in Frameworks */,
				4C916CBE16AD62CA00CA1295 /* Foundation.framework in Frameworks */,
			);
			runOnlyForDeploymentPostprocessing = 0;
		};
/* End PBXFrameworksBuildPhase section */

/* Begin PBXGroup section */
		4C22130416C6517900F63BF4 /* CollectionViewCell */ = {
			isa = PBXGroup;
			children = (
				4C22130516C651C800F63BF4 /* CollectionIcon.h */,
				4C22130616C651C800F63BF4 /* CollectionIcon.m */,
				4CAC97FB16C544CA00BE141B /* CollectionViewCell.h */,
				4CAC97FC16C544CA00BE141B /* CollectionViewCell.m */,
			);
			name = CollectionViewCell;
			sourceTree = "<group>";
		};
		4C3FBB1A16DCD9AA007AE9EF /* Settings */ = {
			isa = PBXGroup;
			children = (
				4C139FC716D0482600952EA1 /* SettingsViewController.h */,
				4C139FC816D0482600952EA1 /* SettingsViewController.m */,
			);
			name = Settings;
			sourceTree = "<group>";
		};
		4C3FBB1C16DCDA0E007AE9EF /* Conversation */ = {
			isa = PBXGroup;
			children = (
				4C2C5D5C16D3DBFD0070A02A /* ConversationViewController.h */,
				4C2C5D5D16D3DBFD0070A02A /* ConversationViewController.m */,
			);
			name = Conversation;
			sourceTree = "<group>";
		};
		4C3FBB1D16DCDA21007AE9EF /* MainView */ = {
			isa = PBXGroup;
			children = (
				4CAC97F816C53E7200BE141B /* MainViewController.h */,
				4CAC97F916C53E7200BE141B /* MainViewController.m */,
			);
			name = MainView;
			sourceTree = "<group>";
		};
		4C3FBB1E16DCDA2E007AE9EF /* Login */ = {
			isa = PBXGroup;
			children = (
				4C671C9C16C4716B0014CFC4 /* LoginViewController.h */,
				4C671C9D16C4716B0014CFC4 /* LoginViewController.m */,
			);
			name = Login;
			sourceTree = "<group>";
		};
		4C3FBB1F16DCDA38007AE9EF /* ListMessageReceived */ = {
			isa = PBXGroup;
			children = (
				4C22130816C65CD900F63BF4 /* UserCollectionViewController.h */,
				4C22130916C65CD900F63BF4 /* UserCollectionViewController.m */,
			);
			name = ListMessageReceived;
			sourceTree = "<group>";
		};
		4C3FBB2016DCDA5B007AE9EF /* View */ = {
			isa = PBXGroup;
			children = (
				4C22130416C6517900F63BF4 /* CollectionViewCell */,
				4CA5C69E16DE732500B2ECFB /* UserPresentationCell */,
			);
			name = View;
			sourceTree = "<group>";
		};
		4C3FBB2116DCDAB4007AE9EF /* Pool */ = {
			isa = PBXGroup;
			children = (
				4CB352EA16D4F5D500F666BD /* NardinPool.h */,
				4CB352EB16D4F5D500F666BD /* NardinPool.m */,
			);
			name = Pool;
			sourceTree = "<group>";
		};
		4C3FBB8C16DD5259007AE9EF /* Contacts */ = {
			isa = PBXGroup;
			children = (
				4C3FBB8D16DD529D007AE9EF /* ContactsViewController.h */,
				4C3FBB8E16DD529D007AE9EF /* ContactsViewController.m */,
			);
			name = Contacts;
			sourceTree = "<group>";
		};
		4C916C8816AD62CA00CA1295 = {
			isa = PBXGroup;
			children = (
				4CB3F76616D3C9B20043EF79 /* SSToolkit.bundle */,
				4CB3F76416D3C94A0043EF79 /* QuartzCore.framework */,
				4CB3F64D16D3C8FE0043EF79 /* SSToolkit */,
				4C916C9D16AD62CA00CA1295 /* NardinSoul */,
				4C916CC116AD62CA00CA1295 /* NardinSoulTests */,
				4C916C9616AD62CA00CA1295 /* Frameworks */,
				4C916C9416AD62CA00CA1295 /* Products */,
			);
			sourceTree = "<group>";
		};
		4C916C9416AD62CA00CA1295 /* Products */ = {
			isa = PBXGroup;
			children = (
				4C916C9316AD62CA00CA1295 /* NardinSoul.app */,
				4C916CBA16AD62CA00CA1295 /* NardinSoulTests.octest */,
			);
			name = Products;
			sourceTree = "<group>";
		};
		4C916C9616AD62CA00CA1295 /* Frameworks */ = {
			isa = PBXGroup;
			children = (
				4C916CE016AD96D400CA1295 /* CFNetwork.framework */,
				4C916C9716AD62CA00CA1295 /* UIKit.framework */,
				4C916C9916AD62CA00CA1295 /* Foundation.framework */,
				4C916C9B16AD62CA00CA1295 /* CoreGraphics.framework */,
				4C916CBB16AD62CA00CA1295 /* SenTestingKit.framework */,
			);
			name = Frameworks;
			sourceTree = "<group>";
		};
		4C916C9D16AD62CA00CA1295 /* NardinSoul */ = {
			isa = PBXGroup;
			children = (
				4C3FBB2016DCDA5B007AE9EF /* View */,
				4CB352E916D4DD9100F666BD /* Model */,
				4C916CA616AD62CA00CA1295 /* RootAppDelegate.h */,
				4C916CA716AD62CA00CA1295 /* RootAppDelegate.m */,
				4C916CAF16AD62CA00CA1295 /* MainStoryboard.storyboard */,
				4C9261B516BA8D330023EDB4 /* Controller */,
				4C916C9E16AD62CA00CA1295 /* Supporting Files */,
			);
			path = NardinSoul;
			sourceTree = "<group>";
		};
		4C916C9E16AD62CA00CA1295 /* Supporting Files */ = {
			isa = PBXGroup;
			children = (
				4C2212FE16C6514A00F63BF4 /* msggrey.png */,
				4C2212FF16C6514A00F63BF4 /* msg.png */,
				4C22130016C6514A00F63BF4 /* who.png */,
				4C2212FA16C6512400F63BF4 /* search.png */,
				4C2212FB16C6512400F63BF4 /* dbadd.png */,
				4C2212EE16C650E600F63BF4 /* statut.png */,
				4C2212EF16C650E600F63BF4 /* contacts.png */,
				4C2212F016C650E600F63BF4 /* tabplus.png */,
				4C2212F116C650E600F63BF4 /* exit.png */,
				4C2212F216C650E600F63BF4 /* plus.png */,
				4C2212F316C650E600F63BF4 /* star.png */,
				4C916C9F16AD62CA00CA1295 /* NardinSoul-Info.plist */,
				4C916CA016AD62CA00CA1295 /* InfoPlist.strings */,
				4C916CA316AD62CA00CA1295 /* main.m */,
				4C916CA516AD62CA00CA1295 /* NardinSoul-Prefix.pch */,
				4C916CA916AD62CA00CA1295 /* Default.png */,
				4C916CAB16AD62CA00CA1295 /* Default@2x.png */,
				4C916CAD16AD62CA00CA1295 /* Default-568h@2x.png */,
			);
			name = "Supporting Files";
			sourceTree = "<group>";
		};
		4C916CC116AD62CA00CA1295 /* NardinSoulTests */ = {
			isa = PBXGroup;
			children = (
				4C916CC716AD62CA00CA1295 /* NardinSoulTests.h */,
				4C916CC816AD62CA00CA1295 /* NardinSoulTests.m */,
				4C916CC216AD62CA00CA1295 /* Supporting Files */,
			);
			path = NardinSoulTests;
			sourceTree = "<group>";
		};
		4C916CC216AD62CA00CA1295 /* Supporting Files */ = {
			isa = PBXGroup;
			children = (
				4C916CC316AD62CA00CA1295 /* NardinSoulTests-Info.plist */,
				4C916CC416AD62CA00CA1295 /* InfoPlist.strings */,
			);
			name = "Supporting Files";
			sourceTree = "<group>";
		};
		4C916CDF16AD943200CA1295 /* Network */ = {
			isa = PBXGroup;
			children = (
				4C916CDC16AD942900CA1295 /* GCDAsyncSocket.h */,
				4C916CDD16AD942900CA1295 /* GCDAsyncSocket.m */,
			);
			name = Network;
			path = ..;
			sourceTree = "<group>";
		};
		4C9261B116BA8CFE0023EDB4 /* MD5 */ = {
			isa = PBXGroup;
			children = (
				4C1155BC16B3377800AB563A /* NSString+MD5.h */,
				4C1155BD16B3377800AB563A /* NSString+MD5.m */,
			);
			name = MD5;
			sourceTree = "<group>";
		};
		4C9261B216BA8D0D0023EDB4 /* NSPacket */ = {
			isa = PBXGroup;
			children = (
				4C22E47B16B592840099D524 /* NSPacket.h */,
				4C22E47C16B592840099D524 /* NSPacket.m */,
			);
			name = NSPacket;
			sourceTree = "<group>";
		};
		4C9261B316BA8D180023EDB4 /* User */ = {
			isa = PBXGroup;
			children = (
				4C22E47F16B593410099D524 /* User.h */,
				4C22E48016B593410099D524 /* User.m */,
			);
			name = User;
			sourceTree = "<group>";
		};
		4C9261B416BA8D250023EDB4 /* Netsoul */ = {
			isa = PBXGroup;
			children = (
				4C8DAF5716B2F188003C7E19 /* NetsoulProtocol.h */,
				4C8DAF5816B2F188003C7E19 /* NetsoulProtocol.m */,
				4C22E48216B5E6FB0099D524 /* NetsoulViewProtocol.h */,
			);
			name = Netsoul;
			sourceTree = "<group>";
		};
		4C9261B516BA8D330023EDB4 /* Controller */ = {
			isa = PBXGroup;
			children = (
				4C3FBB1A16DCD9AA007AE9EF /* Settings */,
				4C3FBB1F16DCDA38007AE9EF /* ListMessageReceived */,
				4C3FBB1E16DCDA2E007AE9EF /* Login */,
				4C3FBB1D16DCDA21007AE9EF /* MainView */,
				4C3FBB1C16DCDA0E007AE9EF /* Conversation */,
				4C3FBB8C16DD5259007AE9EF /* Contacts */,
			);
			name = Controller;
			sourceTree = "<group>";
		};
		4CA5C69E16DE732500B2ECFB /* UserPresentationCell */ = {
			isa = PBXGroup;
			children = (
				4CA5C69A16DE731D00B2ECFB /* UserPrezCell.h */,
				4CA5C69B16DE731D00B2ECFB /* UserPrezCell.m */,
			);
			name = UserPresentationCell;
			sourceTree = "<group>";
		};
		4CB352E916D4DD9100F666BD /* Model */ = {
			isa = PBXGroup;
			children = (
				4C09FB6B16E0FDB6007DE102 /* NetsoulCore.h */,
				4C09FB6C16E0FDB7007DE102 /* NetsoulCore.m */,
				4C3FBB2116DCDAB4007AE9EF /* Pool */,
				4C916CDF16AD943200CA1295 /* Network */,
				4C9261B416BA8D250023EDB4 /* Netsoul */,
				4C9261B116BA8CFE0023EDB4 /* MD5 */,
				4C9261B316BA8D180023EDB4 /* User */,
				4C9261B216BA8D0D0023EDB4 /* NSPacket */,
				4CB352E516D4DC7F00F666BD /* MessageToken.h */,
				4CB352E616D4DC7F00F666BD /* MessageToken.m */,
				4CA5C6A016DEBA0C00B2ECFB /* NSContact.h */,
				4CA5C6A116DEBA0D00B2ECFB /* NSContact.m */,
			);
			name = Model;
			sourceTree = "<group>";
		};
		4CB3F64D16D3C8FE0043EF79 /* SSToolkit */ = {
			isa = PBXGroup;
			children = (
				4CB3F76916D3D0B90043EF79 /* SSMessageViewController */,
				4CB3F6ED16D3C8FE0043EF79 /* SSToolkit.xcodeproj */,
			);
			path = SSToolkit;
			sourceTree = "<group>";
		};
		4CB3F6EE16D3C8FE0043EF79 /* Products */ = {
			isa = PBXGroup;
			children = (
				4CB3F75C16D3C8FF0043EF79 /* libSSToolkit.a */,
				4CB3F75E16D3C8FF0043EF79 /* SSToolkitTests.app */,
			);
			name = Products;
			sourceTree = "<group>";
		};
		4CB3F76916D3D0B90043EF79 /* SSMessageViewController */ = {
			isa = PBXGroup;
			children = (
				4CB3F76A16D3D0B90043EF79 /* Classes */,
				4CB3F77116D3D0B90043EF79 /* Images */,
			);
			path = SSMessageViewController;
			sourceTree = "<group>";
		};
		4CB3F76A16D3D0B90043EF79 /* Classes */ = {
			isa = PBXGroup;
			children = (
				4CB3F76B16D3D0B90043EF79 /* SSMessagesViewController.h */,
				4CB3F76C16D3D0B90043EF79 /* SSMessagesViewController.m */,
				4CB3F76D16D3D0B90043EF79 /* SSMessageTableViewCell.h */,
				4CB3F76E16D3D0B90043EF79 /* SSMessageTableViewCell.m */,
				4CB3F76F16D3D0B90043EF79 /* SSMessageTableViewCellBubbleView.h */,
				4CB3F77016D3D0B90043EF79 /* SSMessageTableViewCellBubbleView.m */,
			);
			path = Classes;
			sourceTree = "<group>";
		};
		4CB3F77116D3D0B90043EF79 /* Images */ = {
			isa = PBXGroup;
			children = (
				4CB3F77216D3D0B90043EF79 /* SSMessagesViewControllerInputBackground.png */,
				4CB3F77316D3D0B90043EF79 /* SSMessagesViewControllerInputBackground@2x.png */,
				4CB3F77416D3D0B90043EF79 /* SSMessagesViewControllerSendButtonBackground.png */,
				4CB3F77516D3D0B90043EF79 /* SSMessagesViewControllerSendButtonBackground@2x.png */,
				4CB3F77616D3D0B90043EF79 /* SSMessagesViewControllerTextFieldBackground.png */,
				4CB3F77716D3D0B90043EF79 /* SSMessagesViewControllerTextFieldBackground@2x.png */,
				4CB3F77816D3D0B90043EF79 /* SSMessageTableViewCellBackgroundClear.png */,
				4CB3F77916D3D0B90043EF79 /* SSMessageTableViewCellBackgroundClear@2x.png */,
				4CB3F77A16D3D0B90043EF79 /* SSMessageTableViewCellBackgroundGreen.png */,
				4CB3F77B16D3D0B90043EF79 /* SSMessageTableViewCellBackgroundGreen@2x.png */,
			);
			path = Images;
			sourceTree = "<group>";
		};
/* End PBXGroup section */

/* Begin PBXNativeTarget section */
		4C916C9216AD62CA00CA1295 /* NardinSoul */ = {
			isa = PBXNativeTarget;
			buildConfigurationList = 4C916CCC16AD62CA00CA1295 /* Build configuration list for PBXNativeTarget "NardinSoul" */;
			buildPhases = (
				4C916C8F16AD62CA00CA1295 /* Sources */,
				4C916C9016AD62CA00CA1295 /* Frameworks */,
				4C916C9116AD62CA00CA1295 /* Resources */,
			);
			buildRules = (
			);
			dependencies = (
				4CB3F76016D3C90F0043EF79 /* PBXTargetDependency */,
			);
			name = NardinSoul;
			productName = NardinSoul;
			productReference = 4C916C9316AD62CA00CA1295 /* NardinSoul.app */;
			productType = "com.apple.product-type.application";
		};
		4C916CB916AD62CA00CA1295 /* NardinSoulTests */ = {
			isa = PBXNativeTarget;
			buildConfigurationList = 4C916CCF16AD62CA00CA1295 /* Build configuration list for PBXNativeTarget "NardinSoulTests" */;
			buildPhases = (
				4C916CB516AD62CA00CA1295 /* Sources */,
				4C916CB616AD62CA00CA1295 /* Frameworks */,
				4C916CB716AD62CA00CA1295 /* Resources */,
				4C916CB816AD62CA00CA1295 /* ShellScript */,
			);
			buildRules = (
			);
			dependencies = (
				4C916CC016AD62CA00CA1295 /* PBXTargetDependency */,
			);
			name = NardinSoulTests;
			productName = NardinSoulTests;
			productReference = 4C916CBA16AD62CA00CA1295 /* NardinSoulTests.octest */;
			productType = "com.apple.product-type.bundle";
		};
/* End PBXNativeTarget section */

/* Begin PBXProject section */
		4C916C8A16AD62CA00CA1295 /* Project object */ = {
			isa = PBXProject;
			attributes = {
				CLASSPREFIX = Root;
				LastUpgradeCheck = 0450;
				ORGANIZATIONNAME = "Morgan Collino";
			};
			buildConfigurationList = 4C916C8D16AD62CA00CA1295 /* Build configuration list for PBXProject "NardinSoul" */;
			compatibilityVersion = "Xcode 3.2";
			developmentRegion = English;
			hasScannedForEncodings = 0;
			knownRegions = (
				en,
			);
			mainGroup = 4C916C8816AD62CA00CA1295;
			productRefGroup = 4C916C9416AD62CA00CA1295 /* Products */;
			projectDirPath = "";
			projectReferences = (
				{
					ProductGroup = 4CB3F6EE16D3C8FE0043EF79 /* Products */;
					ProjectRef = 4CB3F6ED16D3C8FE0043EF79 /* SSToolkit.xcodeproj */;
				},
			);
			projectRoot = "";
			targets = (
				4C916C9216AD62CA00CA1295 /* NardinSoul */,
				4C916CB916AD62CA00CA1295 /* NardinSoulTests */,
			);
		};
/* End PBXProject section */

/* Begin PBXReferenceProxy section */
		4CB3F75C16D3C8FF0043EF79 /* libSSToolkit.a */ = {
			isa = PBXReferenceProxy;
			fileType = archive.ar;
			path = libSSToolkit.a;
			remoteRef = 4CB3F75B16D3C8FF0043EF79 /* PBXContainerItemProxy */;
			sourceTree = BUILT_PRODUCTS_DIR;
		};
		4CB3F75E16D3C8FF0043EF79 /* SSToolkitTests.app */ = {
			isa = PBXReferenceProxy;
			fileType = wrapper.application;
			path = SSToolkitTests.app;
			remoteRef = 4CB3F75D16D3C8FF0043EF79 /* PBXContainerItemProxy */;
			sourceTree = BUILT_PRODUCTS_DIR;
		};
/* End PBXReferenceProxy section */

/* Begin PBXResourcesBuildPhase section */
		4C916C9116AD62CA00CA1295 /* Resources */ = {
			isa = PBXResourcesBuildPhase;
			buildActionMask = 2147483647;
			files = (
				4C916CA216AD62CA00CA1295 /* InfoPlist.strings in Resources */,
				4C916CAA16AD62CA00CA1295 /* Default.png in Resources */,
				4C916CAC16AD62CA00CA1295 /* Default@2x.png in Resources */,
				4C916CAE16AD62CA00CA1295 /* Default-568h@2x.png in Resources */,
				4C916CB116AD62CA00CA1295 /* MainStoryboard.storyboard in Resources */,
				4C2212F416C650E600F63BF4 /* statut.png in Resources */,
				4C2212F516C650E600F63BF4 /* contacts.png in Resources */,
				4C2212F616C650E600F63BF4 /* tabplus.png in Resources */,
				4C2212F716C650E600F63BF4 /* exit.png in Resources */,
				4C2212F816C650E600F63BF4 /* plus.png in Resources */,
				4C2212F916C650E600F63BF4 /* star.png in Resources */,
				4C2212FC16C6512400F63BF4 /* search.png in Resources */,
				4C2212FD16C6512400F63BF4 /* dbadd.png in Resources */,
				4C22130116C6514A00F63BF4 /* msggrey.png in Resources */,
				4C22130216C6514A00F63BF4 /* msg.png in Resources */,
				4C22130316C6514A00F63BF4 /* who.png in Resources */,
				4CB3F77F16D3D0B90043EF79 /* SSMessagesViewControllerInputBackground.png in Resources */,
				4CB3F78016D3D0B90043EF79 /* SSMessagesViewControllerInputBackground@2x.png in Resources */,
				4CB3F78116D3D0B90043EF79 /* SSMessagesViewControllerSendButtonBackground.png in Resources */,
				4CB3F78216D3D0B90043EF79 /* SSMessagesViewControllerSendButtonBackground@2x.png in Resources */,
				4CB3F78316D3D0B90043EF79 /* SSMessagesViewControllerTextFieldBackground.png in Resources */,
				4CB3F78416D3D0B90043EF79 /* SSMessagesViewControllerTextFieldBackground@2x.png in Resources */,
				4CB3F78516D3D0B90043EF79 /* SSMessageTableViewCellBackgroundClear.png in Resources */,
				4CB3F78616D3D0B90043EF79 /* SSMessageTableViewCellBackgroundClear@2x.png in Resources */,
				4CB3F78716D3D0B90043EF79 /* SSMessageTableViewCellBackgroundGreen.png in Resources */,
				4CB3F78816D3D0B90043EF79 /* SSMessageTableViewCellBackgroundGreen@2x.png in Resources */,
			);
			runOnlyForDeploymentPostprocessing = 0;
		};
		4C916CB716AD62CA00CA1295 /* Resources */ = {
			isa = PBXResourcesBuildPhase;
			buildActionMask = 2147483647;
			files = (
				4C916CC616AD62CA00CA1295 /* InfoPlist.strings in Resources */,
			);
			runOnlyForDeploymentPostprocessing = 0;
		};
/* End PBXResourcesBuildPhase section */

/* Begin PBXShellScriptBuildPhase section */
		4C916CB816AD62CA00CA1295 /* ShellScript */ = {
			isa = PBXShellScriptBuildPhase;
			buildActionMask = 2147483647;
			files = (
			);
			inputPaths = (
			);
			outputPaths = (
			);
			runOnlyForDeploymentPostprocessing = 0;
			shellPath = /bin/sh;
			shellScript = "# Run the unit tests in this test bundle.\n\"${SYSTEM_DEVELOPER_DIR}/Tools/RunUnitTests\"\n";
		};
/* End PBXShellScriptBuildPhase section */

/* Begin PBXSourcesBuildPhase section */
		4C916C8F16AD62CA00CA1295 /* Sources */ = {
			isa = PBXSourcesBuildPhase;
			buildActionMask = 2147483647;
			files = (
				4C916CA416AD62CA00CA1295 /* main.m in Sources */,
				4C916CA816AD62CA00CA1295 /* RootAppDelegate.m in Sources */,
				4C916CDE16AD942900CA1295 /* GCDAsyncSocket.m in Sources */,
				4C8DAF5916B2F188003C7E19 /* NetsoulProtocol.m in Sources */,
				4C1155BE16B3377800AB563A /* NSString+MD5.m in Sources */,
				4C22E47D16B592840099D524 /* NSPacket.m in Sources */,
				4C22E48116B593410099D524 /* User.m in Sources */,
				4C671C9E16C4716B0014CFC4 /* LoginViewController.m in Sources */,
				4CAC97FA16C53E7200BE141B /* MainViewController.m in Sources */,
				4CAC97FD16C544CA00BE141B /* CollectionViewCell.m in Sources */,
				4C22130716C651C800F63BF4 /* CollectionIcon.m in Sources */,
				4C22130A16C65CD900F63BF4 /* UserCollectionViewController.m in Sources */,
				4C139FC916D0482600952EA1 /* SettingsViewController.m in Sources */,
				4CB3F77C16D3D0B90043EF79 /* SSMessagesViewController.m in Sources */,
				4CB3F77D16D3D0B90043EF79 /* SSMessageTableViewCell.m in Sources */,
				4CB3F77E16D3D0B90043EF79 /* SSMessageTableViewCellBubbleView.m in Sources */,
				4C2C5D5E16D3DBFD0070A02A /* ConversationViewController.m in Sources */,
				4CB352E716D4DC7F00F666BD /* MessageToken.m in Sources */,
				4CB352EC16D4F5D500F666BD /* NardinPool.m in Sources */,
				4C3FBB8F16DD529D007AE9EF /* ContactsViewController.m in Sources */,
				4CA5C69C16DE731D00B2ECFB /* UserPrezCell.m in Sources */,
				4CA5C6A216DEBA0D00B2ECFB /* NSContact.m in Sources */,
				4C09FB6D16E0FDB7007DE102 /* NetsoulCore.m in Sources */,
			);
			runOnlyForDeploymentPostprocessing = 0;
		};
		4C916CB516AD62CA00CA1295 /* Sources */ = {
			isa = PBXSourcesBuildPhase;
			buildActionMask = 2147483647;
			files = (
				4C916CC916AD62CA00CA1295 /* NardinSoulTests.m in Sources */,
			);
			runOnlyForDeploymentPostprocessing = 0;
		};
/* End PBXSourcesBuildPhase section */

/* Begin PBXTargetDependency section */
		4C916CC016AD62CA00CA1295 /* PBXTargetDependency */ = {
			isa = PBXTargetDependency;
			target = 4C916C9216AD62CA00CA1295 /* NardinSoul */;
			targetProxy = 4C916CBF16AD62CA00CA1295 /* PBXContainerItemProxy */;
		};
		4CB3F76016D3C90F0043EF79 /* PBXTargetDependency */ = {
			isa = PBXTargetDependency;
			name = SSToolkit;
			targetProxy = 4CB3F75F16D3C90F0043EF79 /* PBXContainerItemProxy */;
		};
/* End PBXTargetDependency section */

/* Begin PBXVariantGroup section */
		4C916CA016AD62CA00CA1295 /* InfoPlist.strings */ = {
			isa = PBXVariantGroup;
			children = (
				4C916CA116AD62CA00CA1295 /* en */,
			);
			name = InfoPlist.strings;
			sourceTree = "<group>";
		};
		4C916CAF16AD62CA00CA1295 /* MainStoryboard.storyboard */ = {
			isa = PBXVariantGroup;
			children = (
				4C916CB016AD62CA00CA1295 /* en */,
			);
			name = MainStoryboard.storyboard;
			sourceTree = "<group>";
		};
		4C916CC416AD62CA00CA1295 /* InfoPlist.strings */ = {
			isa = PBXVariantGroup;
			children = (
				4C916CC516AD62CA00CA1295 /* en */,
			);
			name = InfoPlist.strings;
			sourceTree = "<group>";
		};
/* End PBXVariantGroup section */

/* Begin XCBuildConfiguration section */
		4C916CCA16AD62CA00CA1295 /* Debug */ = {
			isa = XCBuildConfiguration;
			buildSettings = {
				ALWAYS_SEARCH_USER_PATHS = NO;
				CLANG_CXX_LANGUAGE_STANDARD = "gnu++0x";
				CLANG_CXX_LIBRARY = "libc++";
				CLANG_WARN_EMPTY_BODY = YES;
				CLANG_WARN__DUPLICATE_METHOD_MATCH = YES;
				"CODE_SIGN_IDENTITY[sdk=iphoneos*]" = "iPhone Developer";
				COPY_PHASE_STRIP = NO;
				GCC_C_LANGUAGE_STANDARD = gnu99;
				GCC_DYNAMIC_NO_PIC = NO;
				GCC_OPTIMIZATION_LEVEL = 0;
				GCC_PREPROCESSOR_DEFINITIONS = (
					"DEBUG=1",
					"$(inherited)",
				);
				GCC_SYMBOLS_PRIVATE_EXTERN = NO;
				GCC_WARN_ABOUT_RETURN_TYPE = YES;
				GCC_WARN_UNINITIALIZED_AUTOS = YES;
				GCC_WARN_UNUSED_VARIABLE = YES;
				IPHONEOS_DEPLOYMENT_TARGET = 6.0;
				ONLY_ACTIVE_ARCH = YES;
				SDKROOT = iphoneos;
			};
			name = Debug;
		};
		4C916CCB16AD62CA00CA1295 /* Release */ = {
			isa = XCBuildConfiguration;
			buildSettings = {
				ALWAYS_SEARCH_USER_PATHS = NO;
				CLANG_CXX_LANGUAGE_STANDARD = "gnu++0x";
				CLANG_CXX_LIBRARY = "libc++";
				CLANG_WARN_EMPTY_BODY = YES;
				CLANG_WARN__DUPLICATE_METHOD_MATCH = YES;
				"CODE_SIGN_IDENTITY[sdk=iphoneos*]" = "iPhone Developer";
				COPY_PHASE_STRIP = YES;
				GCC_C_LANGUAGE_STANDARD = gnu99;
				GCC_WARN_ABOUT_RETURN_TYPE = YES;
				GCC_WARN_UNINITIALIZED_AUTOS = YES;
				GCC_WARN_UNUSED_VARIABLE = YES;
				IPHONEOS_DEPLOYMENT_TARGET = 6.0;
				OTHER_CFLAGS = "-DNS_BLOCK_ASSERTIONS=1";
				SDKROOT = iphoneos;
				VALIDATE_PRODUCT = YES;
			};
			name = Release;
		};
		4C916CCD16AD62CA00CA1295 /* Debug */ = {
			isa = XCBuildConfiguration;
			buildSettings = {
				CLANG_ENABLE_OBJC_ARC = NO;
				FRAMEWORK_SEARCH_PATHS = "";
				GCC_PRECOMPILE_PREFIX_HEADER = YES;
				GCC_PREFIX_HEADER = "NardinSoul/NardinSoul-Prefix.pch";
				HEADER_SEARCH_PATHS = SSToolkit;
				INFOPLIST_FILE = "NardinSoul/NardinSoul-Info.plist";
				OTHER_LDFLAGS = (
					"-all_load",
					"-ObjC",
				);
				PRODUCT_NAME = "$(TARGET_NAME)";
				WRAPPER_EXTENSION = app;
			};
			name = Debug;
		};
		4C916CCE16AD62CA00CA1295 /* Release */ = {
			isa = XCBuildConfiguration;
			buildSettings = {
				CLANG_ENABLE_OBJC_ARC = NO;
				FRAMEWORK_SEARCH_PATHS = (
					"$(inherited)",
					"\"$(SRCROOT)/SSToolkit/Tests\"",
				);
				GCC_PRECOMPILE_PREFIX_HEADER = YES;
				GCC_PREFIX_HEADER = "NardinSoul/NardinSoul-Prefix.pch";
				HEADER_SEARCH_PATHS = SSToolkit;
				INFOPLIST_FILE = "NardinSoul/NardinSoul-Info.plist";
				OTHER_LDFLAGS = (
					"-all_load",
					"-ObjC",
				);
				PRODUCT_NAME = "$(TARGET_NAME)";
				WRAPPER_EXTENSION = app;
			};
			name = Release;
		};
		4C916CD016AD62CA00CA1295 /* Debug */ = {
			isa = XCBuildConfiguration;
			buildSettings = {
				BUNDLE_LOADER = "$(BUILT_PRODUCTS_DIR)/NardinSoul.app/NardinSoul";
				FRAMEWORK_SEARCH_PATHS = (
					"\"$(SDKROOT)/Developer/Library/Frameworks\"",
					"\"$(DEVELOPER_LIBRARY_DIR)/Frameworks\"",
				);
				GCC_PRECOMPILE_PREFIX_HEADER = YES;
				GCC_PREFIX_HEADER = "NardinSoul/NardinSoul-Prefix.pch";
				INFOPLIST_FILE = "NardinSoulTests/NardinSoulTests-Info.plist";
				PRODUCT_NAME = "$(TARGET_NAME)";
				TEST_HOST = "$(BUNDLE_LOADER)";
				WRAPPER_EXTENSION = octest;
			};
			name = Debug;
		};
		4C916CD116AD62CA00CA1295 /* Release */ = {
			isa = XCBuildConfiguration;
			buildSettings = {
				BUNDLE_LOADER = "$(BUILT_PRODUCTS_DIR)/NardinSoul.app/NardinSoul";
				FRAMEWORK_SEARCH_PATHS = (
					"\"$(SDKROOT)/Developer/Library/Frameworks\"",
					"\"$(DEVELOPER_LIBRARY_DIR)/Frameworks\"",
				);
				GCC_PRECOMPILE_PREFIX_HEADER = YES;
				GCC_PREFIX_HEADER = "NardinSoul/NardinSoul-Prefix.pch";
				INFOPLIST_FILE = "NardinSoulTests/NardinSoulTests-Info.plist";
				PRODUCT_NAME = "$(TARGET_NAME)";
				TEST_HOST = "$(BUNDLE_LOADER)";
				WRAPPER_EXTENSION = octest;
			};
			name = Release;
		};
/* End XCBuildConfiguration section */

/* Begin XCConfigurationList section */
		4C916C8D16AD62CA00CA1295 /* Build configuration list for PBXProject "NardinSoul" */ = {
			isa = XCConfigurationList;
			buildConfigurations = (
				4C916CCA16AD62CA00CA1295 /* Debug */,
				4C916CCB16AD62CA00CA1295 /* Release */,
			);
			defaultConfigurationIsVisible = 0;
			defaultConfigurationName = Release;
		};
		4C916CCC16AD62CA00CA1295 /* Build configuration list for PBXNativeTarget "NardinSoul" */ = {
			isa = XCConfigurationList;
			buildConfigurations = (
				4C916CCD16AD62CA00CA1295 /* Debug */,
				4C916CCE16AD62CA00CA1295 /* Release */,
			);
			defaultConfigurationIsVisible = 0;
			defaultConfigurationName = Release;
		};
		4C916CCF16AD62CA00CA1295 /* Build configuration list for PBXNativeTarget "NardinSoulTests" */ = {
			isa = XCConfigurationList;
			buildConfigurations = (
				4C916CD016AD62CA00CA1295 /* Debug */,
				4C916CD116AD62CA00CA1295 /* Release */,
			);
			defaultConfigurationIsVisible = 0;
			defaultConfigurationName = Release;
		};
/* End XCConfigurationList section */
	};
	rootObject = 4C916C8A16AD62CA00CA1295 /* Project object */;
}
